
Microsoft Visual Studio Solution File, Format Version 12.00
# Visual Studio Version 16
VisualStudioVersion = 16.0.32901.82
MinimumVisualStudioVersion = 10.0.40219.1
Project("{FAE04EC0-301F-11D3-BF4B-00C04F79EFBC}") = "CS322-DZ01-Stefan-Gogic-4056", "CS322-DZ01-Stefan-Gogic-4056\CS322-DZ01-Stefan-Gogic-4056.csproj", "{192921BE-D08F-495F-99BD-B15A7FE5E816}"
EndProject
Global
	GlobalSection(SolutionConfigurationPlatforms) = preSolution
		Debug|Any CPU = Debug|Any CPU
		Release|Any CPU = Release|Any CPU
	EndGlobalSection
	GlobalSection(ProjectConfigurationPlatforms) = postSolution
		{192921BE-D08F-495F-99BD-B15A7FE5E816}.Debug|Any CPU.ActiveCfg = Debug|Any CPU
		{192921BE-D08F-495F-99BD-B15A7FE5E816}.Debug|Any CPU.Build.0 = Debug|Any CPU
		{192921BE-D08F-495F-99BD-B15A7FE5E816}.Release|Any CPU.ActiveCfg = Release|Any CPU
		{192921BE-D08F-495F-99BD-B15A7FE5E816}.Release|Any CPU.Build.0 = Release|Any CPU
	EndGlobalSection
	GlobalSection(SolutionProperties) = preSolution
		HideSolutionNode = FALSE
	EndGlobalSection
	GlobalSection(ExtensibilityGlobals) = postSolution
		SolutionGuid = {185756C9-4468-4BC8-930F-A7F237D7C6C0}
	EndGlobalSection
EndGlobal
