
Microsoft Visual Studio Solution File, Format Version 12.00
# Visual Studio Version 16
VisualStudioVersion = 16.0.32901.82
MinimumVisualStudioVersion = 10.0.40219.1
Project("{FAE04EC0-301F-11D3-BF4B-00C04F79EFBC}") = "CS322-DZ06", "CS322-DZ06\CS322-DZ06.csproj", "{C0C62B44-645C-44E5-9759-3CA799FC36A0}"
EndProject
Global
	GlobalSection(SolutionConfigurationPlatforms) = preSolution
		Debug|Any CPU = Debug|Any CPU
		Release|Any CPU = Release|Any CPU
	EndGlobalSection
	GlobalSection(ProjectConfigurationPlatforms) = postSolution
		{C0C62B44-645C-44E5-9759-3CA799FC36A0}.Debug|Any CPU.ActiveCfg = Debug|Any CPU
		{C0C62B44-645C-44E5-9759-3CA799FC36A0}.Debug|Any CPU.Build.0 = Debug|Any CPU
		{C0C62B44-645C-44E5-9759-3CA799FC36A0}.Release|Any CPU.ActiveCfg = Release|Any CPU
		{C0C62B44-645C-44E5-9759-3CA799FC36A0}.Release|Any CPU.Build.0 = Release|Any CPU
	EndGlobalSection
	GlobalSection(SolutionProperties) = preSolution
		HideSolutionNode = FALSE
	EndGlobalSection
	GlobalSection(ExtensibilityGlobals) = postSolution
		SolutionGuid = {06B677EC-C5DA-4589-B2B0-F2354D0F1A3E}
	EndGlobalSection
EndGlobal
